// !$*UTF8*$!
{
	archiveVersion = 1;
	classes = {
	};
	objectVersion = 56;
	objects = {

/* Begin PBXBuildFile section */
		552B73492A95751E001216D2 /* athan2.mp3 in Resources */ = {isa = PBXBuildFile; fileRef = 552B73472A95751E001216D2 /* athan2.mp3 */; };
		552B734C2A9578AF001216D2 /* dua.mp3 in Resources */ = {isa = PBXBuildFile; fileRef = 552B734B2A9578AF001216D2 /* dua.mp3 */; };
		553385892A9850A100B86A65 /* MuezzinView.swift in Sources */ = {isa = PBXBuildFile; fileRef = 553385882A9850A100B86A65 /* MuezzinView.swift */; };
		5533858B2A9850CC00B86A65 /* SettingsView.swift in Sources */ = {isa = PBXBuildFile; fileRef = 5533858A2A9850CC00B86A65 /* SettingsView.swift */; };
		5533858D2A98514B00B86A65 /* AboutView.swift in Sources */ = {isa = PBXBuildFile; fileRef = 5533858C2A98514B00B86A65 /* AboutView.swift */; };
		553385942A98530200B86A65 /* DateView.swift in Sources */ = {isa = PBXBuildFile; fileRef = 553385932A98530200B86A65 /* DateView.swift */; };
		553385962A98530A00B86A65 /* ButtonsView.swift in Sources */ = {isa = PBXBuildFile; fileRef = 553385952A98530A00B86A65 /* ButtonsView.swift */; };
		553385982A98531000B86A65 /* PrayerTimesView.swift in Sources */ = {isa = PBXBuildFile; fileRef = 553385972A98531000B86A65 /* PrayerTimesView.swift */; };
		5533859A2A98531800B86A65 /* NextPrayerView.swift in Sources */ = {isa = PBXBuildFile; fileRef = 553385992A98531800B86A65 /* NextPrayerView.swift */; };
		5533859D2A9855A900B86A65 /* MButtonStyle.swift in Sources */ = {isa = PBXBuildFile; fileRef = 5533859C2A9855A900B86A65 /* MButtonStyle.swift */; };
		553385A02A98562E00B86A65 /* MButton.swift in Sources */ = {isa = PBXBuildFile; fileRef = 5533859F2A98562E00B86A65 /* MButton.swift */; };
		553385A22A98FEFD00B86A65 /* PrayerTimesCell.swift in Sources */ = {isa = PBXBuildFile; fileRef = 553385A12A98FEFD00B86A65 /* PrayerTimesCell.swift */; };
		553385A42A9901F400B86A65 /* SettingsGeneralView.swift in Sources */ = {isa = PBXBuildFile; fileRef = 553385A32A9901F400B86A65 /* SettingsGeneralView.swift */; };
		553385A62A9901FA00B86A65 /* SettingsLocationView.swift in Sources */ = {isa = PBXBuildFile; fileRef = 553385A52A9901FA00B86A65 /* SettingsLocationView.swift */; };
		553385A82A99020100B86A65 /* SettingsPrayerTimesView.swift in Sources */ = {isa = PBXBuildFile; fileRef = 553385A72A99020100B86A65 /* SettingsPrayerTimesView.swift */; };
		553385AA2A99020700B86A65 /* SettingsNotificationsView.swift in Sources */ = {isa = PBXBuildFile; fileRef = 553385A92A99020700B86A65 /* SettingsNotificationsView.swift */; };
		553385AC2A99020C00B86A65 /* SettingsAdvancedView.swift in Sources */ = {isa = PBXBuildFile; fileRef = 553385AB2A99020C00B86A65 /* SettingsAdvancedView.swift */; };
		553385AE2A992DAD00B86A65 /* AppSettings.swift in Sources */ = {isa = PBXBuildFile; fileRef = 553385AD2A992DAD00B86A65 /* AppSettings.swift */; };
		553385B12A9934FF00B86A65 /* MLocationMap.swift in Sources */ = {isa = PBXBuildFile; fileRef = 553385B02A9934FF00B86A65 /* MLocationMap.swift */; };
		553385B32A99360300B86A65 /* MTimeZonePicker.swift in Sources */ = {isa = PBXBuildFile; fileRef = 553385B22A99360300B86A65 /* MTimeZonePicker.swift */; };
		553385B52A99378F00B86A65 /* CalculationMethod+Ext.swift in Sources */ = {isa = PBXBuildFile; fileRef = 553385B42A99378F00B86A65 /* CalculationMethod+Ext.swift */; };
		553385B92A99386300B86A65 /* AudioPlayer.swift in Sources */ = {isa = PBXBuildFile; fileRef = 553385B82A99386300B86A65 /* AudioPlayer.swift */; };
		553385BD2A99392400B86A65 /* MNotificationPicker.swift in Sources */ = {isa = PBXBuildFile; fileRef = 553385BC2A99392400B86A65 /* MNotificationPicker.swift */; };
		553385BF2A99666600B86A65 /* MuezzinViewModel.swift in Sources */ = {isa = PBXBuildFile; fileRef = 553385BE2A99666600B86A65 /* MuezzinViewModel.swift */; };
		553385D12A9B0FEC00B86A65 /* Adhan in Frameworks */ = {isa = PBXBuildFile; productRef = 553385D02A9B0FEC00B86A65 /* Adhan */; };
		5570CF692A96E47E00E22FED /* athan3.mp3 in Resources */ = {isa = PBXBuildFile; fileRef = 5570CF682A96E47E00E22FED /* athan3.mp3 */; };
		5570CF6B2A96EF0800E22FED /* athan4.mp3 in Resources */ = {isa = PBXBuildFile; fileRef = 5570CF6A2A96EF0800E22FED /* athan4.mp3 */; };
		55C172CF2A8D493E0022367E /* athan1_fajr.mp3 in Resources */ = {isa = PBXBuildFile; fileRef = 55C172CD2A8D493E0022367E /* athan1_fajr.mp3 */; };
		55C172D02A8D493E0022367E /* athan1.mp3 in Resources */ = {isa = PBXBuildFile; fileRef = 55C172CE2A8D493E0022367E /* athan1.mp3 */; };
		55F8BD3529EDA3F9009D0D4D /* MuezzinApp.swift in Sources */ = {isa = PBXBuildFile; fileRef = 55F8BD3429EDA3F9009D0D4D /* MuezzinApp.swift */; };
		55F8BD3929EDA3FA009D0D4D /* Assets.xcassets in Resources */ = {isa = PBXBuildFile; fileRef = 55F8BD3829EDA3FA009D0D4D /* Assets.xcassets */; };
		55F8BD3C29EDA3FA009D0D4D /* Preview Assets.xcassets in Resources */ = {isa = PBXBuildFile; fileRef = 55F8BD3B29EDA3FA009D0D4D /* Preview Assets.xcassets */; };
/* End PBXBuildFile section */

/* Begin PBXFileReference section */
		552B73472A95751E001216D2 /* athan2.mp3 */ = {isa = PBXFileReference; lastKnownFileType = audio.mp3; path = athan2.mp3; sourceTree = "<group>"; };
		552B734B2A9578AF001216D2 /* dua.mp3 */ = {isa = PBXFileReference; lastKnownFileType = audio.mp3; path = dua.mp3; sourceTree = "<group>"; };
		553385882A9850A100B86A65 /* MuezzinView.swift */ = {isa = PBXFileReference; lastKnownFileType = sourcecode.swift; path = MuezzinView.swift; sourceTree = "<group>"; };
		5533858A2A9850CC00B86A65 /* SettingsView.swift */ = {isa = PBXFileReference; lastKnownFileType = sourcecode.swift; path = SettingsView.swift; sourceTree = "<group>"; };
		5533858C2A98514B00B86A65 /* AboutView.swift */ = {isa = PBXFileReference; lastKnownFileType = sourcecode.swift; path = AboutView.swift; sourceTree = "<group>"; };
		553385932A98530200B86A65 /* DateView.swift */ = {isa = PBXFileReference; lastKnownFileType = sourcecode.swift; path = DateView.swift; sourceTree = "<group>"; };
		553385952A98530A00B86A65 /* ButtonsView.swift */ = {isa = PBXFileReference; lastKnownFileType = sourcecode.swift; path = ButtonsView.swift; sourceTree = "<group>"; };
		553385972A98531000B86A65 /* PrayerTimesView.swift */ = {isa = PBXFileReference; lastKnownFileType = sourcecode.swift; path = PrayerTimesView.swift; sourceTree = "<group>"; };
		553385992A98531800B86A65 /* NextPrayerView.swift */ = {isa = PBXFileReference; lastKnownFileType = sourcecode.swift; path = NextPrayerView.swift; sourceTree = "<group>"; };
		5533859C2A9855A900B86A65 /* MButtonStyle.swift */ = {isa = PBXFileReference; lastKnownFileType = sourcecode.swift; path = MButtonStyle.swift; sourceTree = "<group>"; };
		5533859F2A98562E00B86A65 /* MButton.swift */ = {isa = PBXFileReference; lastKnownFileType = sourcecode.swift; path = MButton.swift; sourceTree = "<group>"; };
		553385A12A98FEFD00B86A65 /* PrayerTimesCell.swift */ = {isa = PBXFileReference; lastKnownFileType = sourcecode.swift; path = PrayerTimesCell.swift; sourceTree = "<group>"; };
		553385A32A9901F400B86A65 /* SettingsGeneralView.swift */ = {isa = PBXFileReference; lastKnownFileType = sourcecode.swift; path = SettingsGeneralView.swift; sourceTree = "<group>"; };
		553385A52A9901FA00B86A65 /* SettingsLocationView.swift */ = {isa = PBXFileReference; lastKnownFileType = sourcecode.swift; path = SettingsLocationView.swift; sourceTree = "<group>"; };
		553385A72A99020100B86A65 /* SettingsPrayerTimesView.swift */ = {isa = PBXFileReference; lastKnownFileType = sourcecode.swift; path = SettingsPrayerTimesView.swift; sourceTree = "<group>"; };
		553385A92A99020700B86A65 /* SettingsNotificationsView.swift */ = {isa = PBXFileReference; lastKnownFileType = sourcecode.swift; path = SettingsNotificationsView.swift; sourceTree = "<group>"; };
		553385AB2A99020C00B86A65 /* SettingsAdvancedView.swift */ = {isa = PBXFileReference; lastKnownFileType = sourcecode.swift; path = SettingsAdvancedView.swift; sourceTree = "<group>"; };
		553385AD2A992DAD00B86A65 /* AppSettings.swift */ = {isa = PBXFileReference; lastKnownFileType = sourcecode.swift; path = AppSettings.swift; sourceTree = "<group>"; };
		553385B02A9934FF00B86A65 /* MLocationMap.swift */ = {isa = PBXFileReference; lastKnownFileType = sourcecode.swift; path = MLocationMap.swift; sourceTree = "<group>"; };
		553385B22A99360300B86A65 /* MTimeZonePicker.swift */ = {isa = PBXFileReference; lastKnownFileType = sourcecode.swift; path = MTimeZonePicker.swift; sourceTree = "<group>"; };
		553385B42A99378F00B86A65 /* CalculationMethod+Ext.swift */ = {isa = PBXFileReference; lastKnownFileType = sourcecode.swift; path = "CalculationMethod+Ext.swift"; sourceTree = "<group>"; };
		553385B82A99386300B86A65 /* AudioPlayer.swift */ = {isa = PBXFileReference; lastKnownFileType = sourcecode.swift; path = AudioPlayer.swift; sourceTree = "<group>"; };
		553385BC2A99392400B86A65 /* MNotificationPicker.swift */ = {isa = PBXFileReference; lastKnownFileType = sourcecode.swift; path = MNotificationPicker.swift; sourceTree = "<group>"; };
		553385BE2A99666600B86A65 /* MuezzinViewModel.swift */ = {isa = PBXFileReference; lastKnownFileType = sourcecode.swift; path = MuezzinViewModel.swift; sourceTree = "<group>"; };
		5570CF682A96E47E00E22FED /* athan3.mp3 */ = {isa = PBXFileReference; lastKnownFileType = audio.mp3; path = athan3.mp3; sourceTree = "<group>"; };
		5570CF6A2A96EF0800E22FED /* athan4.mp3 */ = {isa = PBXFileReference; lastKnownFileType = audio.mp3; path = athan4.mp3; sourceTree = "<group>"; };
		5570CF712A97C0CC00E22FED /* Info.plist */ = {isa = PBXFileReference; lastKnownFileType = text.plist; path = Info.plist; sourceTree = "<group>"; };
		55C172CD2A8D493E0022367E /* athan1_fajr.mp3 */ = {isa = PBXFileReference; lastKnownFileType = audio.mp3; path = athan1_fajr.mp3; sourceTree = "<group>"; };
		55C172CE2A8D493E0022367E /* athan1.mp3 */ = {isa = PBXFileReference; lastKnownFileType = audio.mp3; path = athan1.mp3; sourceTree = "<group>"; };
		55F8BD3129EDA3F9009D0D4D /* Muezzin.app */ = {isa = PBXFileReference; explicitFileType = wrapper.application; includeInIndex = 0; path = Muezzin.app; sourceTree = BUILT_PRODUCTS_DIR; };
		55F8BD3429EDA3F9009D0D4D /* MuezzinApp.swift */ = {isa = PBXFileReference; lastKnownFileType = sourcecode.swift; path = MuezzinApp.swift; sourceTree = "<group>"; };
		55F8BD3829EDA3FA009D0D4D /* Assets.xcassets */ = {isa = PBXFileReference; lastKnownFileType = folder.assetcatalog; path = Assets.xcassets; sourceTree = "<group>"; };
		55F8BD3B29EDA3FA009D0D4D /* Preview Assets.xcassets */ = {isa = PBXFileReference; lastKnownFileType = folder.assetcatalog; path = "Preview Assets.xcassets"; sourceTree = "<group>"; };
		55F8BD3D29EDA3FA009D0D4D /* Muezzin.entitlements */ = {isa = PBXFileReference; lastKnownFileType = text.plist.entitlements; path = Muezzin.entitlements; sourceTree = "<group>"; };
/* End PBXFileReference section */

/* Begin PBXFrameworksBuildPhase section */
		55F8BD2E29EDA3F9009D0D4D /* Frameworks */ = {
			isa = PBXFrameworksBuildPhase;
			buildActionMask = 2147483647;
			files = (
				553385D12A9B0FEC00B86A65 /* Adhan in Frameworks */,
			);
			runOnlyForDeploymentPostprocessing = 0;
		};
/* End PBXFrameworksBuildPhase section */

/* Begin PBXGroup section */
		5533858E2A9851D500B86A65 /* MenuBarExtra */ = {
			isa = PBXGroup;
			children = (
				553385882A9850A100B86A65 /* MuezzinView.swift */,
				553385932A98530200B86A65 /* DateView.swift */,
				553385952A98530A00B86A65 /* ButtonsView.swift */,
				553385972A98531000B86A65 /* PrayerTimesView.swift */,
				553385A12A98FEFD00B86A65 /* PrayerTimesCell.swift */,
				553385992A98531800B86A65 /* NextPrayerView.swift */,
				5533859E2A98562300B86A65 /* Custom Components */,
			);
			path = MenuBarExtra;
			sourceTree = "<group>";
		};
		5533858F2A9851DE00B86A65 /* Settings */ = {
			isa = PBXGroup;
			children = (
				5533858A2A9850CC00B86A65 /* SettingsView.swift */,
				553385A32A9901F400B86A65 /* SettingsGeneralView.swift */,
				553385A52A9901FA00B86A65 /* SettingsLocationView.swift */,
				553385A72A99020100B86A65 /* SettingsPrayerTimesView.swift */,
				553385A92A99020700B86A65 /* SettingsNotificationsView.swift */,
				553385AB2A99020C00B86A65 /* SettingsAdvancedView.swift */,
				553385AF2A9934D000B86A65 /* Custom Components */,
			);
			path = Settings;
			sourceTree = "<group>";
		};
		553385902A9851E300B86A65 /* Misc */ = {
			isa = PBXGroup;
			children = (
				5533858C2A98514B00B86A65 /* AboutView.swift */,
			);
			path = Misc;
			sourceTree = "<group>";
		};
		5533859B2A98559F00B86A65 /* Button Styles */ = {
			isa = PBXGroup;
			children = (
				5533859C2A9855A900B86A65 /* MButtonStyle.swift */,
			);
			path = "Button Styles";
			sourceTree = "<group>";
		};
		5533859E2A98562300B86A65 /* Custom Components */ = {
			isa = PBXGroup;
			children = (
				5533859F2A98562E00B86A65 /* MButton.swift */,
			);
			path = "Custom Components";
			sourceTree = "<group>";
		};
		553385AF2A9934D000B86A65 /* Custom Components */ = {
			isa = PBXGroup;
			children = (
				553385B02A9934FF00B86A65 /* MLocationMap.swift */,
				553385B22A99360300B86A65 /* MTimeZonePicker.swift */,
				553385BC2A99392400B86A65 /* MNotificationPicker.swift */,
			);
			path = "Custom Components";
			sourceTree = "<group>";
		};
		553385B62A99385100B86A65 /* Extensions */ = {
			isa = PBXGroup;
			children = (
				553385B42A99378F00B86A65 /* CalculationMethod+Ext.swift */,
			);
			path = Extensions;
			sourceTree = "<group>";
		};
		553385B72A99385800B86A65 /* Managers */ = {
			isa = PBXGroup;
			children = (
				553385B82A99386300B86A65 /* AudioPlayer.swift */,
			);
			path = Managers;
			sourceTree = "<group>";
		};
		55C172CC2A8D49240022367E /* Sounds */ = {
			isa = PBXGroup;
			children = (
				55C172CD2A8D493E0022367E /* athan1_fajr.mp3 */,
				55C172CE2A8D493E0022367E /* athan1.mp3 */,
				552B73472A95751E001216D2 /* athan2.mp3 */,
				5570CF682A96E47E00E22FED /* athan3.mp3 */,
				5570CF6A2A96EF0800E22FED /* athan4.mp3 */,
				552B734B2A9578AF001216D2 /* dua.mp3 */,
			);
			path = Sounds;
			sourceTree = "<group>";
		};
		55F8BD2829EDA3F9009D0D4D = {
			isa = PBXGroup;
			children = (
				55F8BD3329EDA3F9009D0D4D /* Muezzin */,
				55F8BD3229EDA3F9009D0D4D /* Products */,
			);
			sourceTree = "<group>";
		};
		55F8BD3229EDA3F9009D0D4D /* Products */ = {
			isa = PBXGroup;
			children = (
				55F8BD3129EDA3F9009D0D4D /* Muezzin.app */,
			);
			name = Products;
			sourceTree = "<group>";
		};
		55F8BD3329EDA3F9009D0D4D /* Muezzin */ = {
			isa = PBXGroup;
			children = (
				5570CF712A97C0CC00E22FED /* Info.plist */,
				55F8BD3429EDA3F9009D0D4D /* MuezzinApp.swift */,
				553385AD2A992DAD00B86A65 /* AppSettings.swift */,
				553385BE2A99666600B86A65 /* MuezzinViewModel.swift */,
				553385B72A99385800B86A65 /* Managers */,
				553385B62A99385100B86A65 /* Extensions */,
				5533859B2A98559F00B86A65 /* Button Styles */,
				5533858E2A9851D500B86A65 /* MenuBarExtra */,
				5533858F2A9851DE00B86A65 /* Settings */,
				553385902A9851E300B86A65 /* Misc */,
				55C172CC2A8D49240022367E /* Sounds */,
				55F8BD3829EDA3FA009D0D4D /* Assets.xcassets */,
				55F8BD3D29EDA3FA009D0D4D /* Muezzin.entitlements */,
				55F8BD3A29EDA3FA009D0D4D /* Preview Content */,
			);
			path = Muezzin;
			sourceTree = "<group>";
		};
		55F8BD3A29EDA3FA009D0D4D /* Preview Content */ = {
			isa = PBXGroup;
			children = (
				55F8BD3B29EDA3FA009D0D4D /* Preview Assets.xcassets */,
			);
			path = "Preview Content";
			sourceTree = "<group>";
		};
/* End PBXGroup section */

/* Begin PBXNativeTarget section */
		55F8BD3029EDA3F9009D0D4D /* Muezzin */ = {
			isa = PBXNativeTarget;
			buildConfigurationList = 55F8BD4029EDA3FA009D0D4D /* Build configuration list for PBXNativeTarget "Muezzin" */;
			buildPhases = (
				55F8BD2D29EDA3F9009D0D4D /* Sources */,
				55F8BD2E29EDA3F9009D0D4D /* Frameworks */,
				55F8BD2F29EDA3F9009D0D4D /* Resources */,
			);
			buildRules = (
			);
			dependencies = (
			);
			name = Muezzin;
			packageProductDependencies = (
				553385D02A9B0FEC00B86A65 /* Adhan */,
			);
			productName = Muezzin;
			productReference = 55F8BD3129EDA3F9009D0D4D /* Muezzin.app */;
			productType = "com.apple.product-type.application";
		};
/* End PBXNativeTarget section */

/* Begin PBXProject section */
		55F8BD2929EDA3F9009D0D4D /* Project object */ = {
			isa = PBXProject;
			attributes = {
				BuildIndependentTargetsInParallel = 1;
				LastSwiftUpdateCheck = 1430;
				LastUpgradeCheck = 1500;
				TargetAttributes = {
					55F8BD3029EDA3F9009D0D4D = {
						CreatedOnToolsVersion = 14.3;
					};
				};
			};
			buildConfigurationList = 55F8BD2C29EDA3F9009D0D4D /* Build configuration list for PBXProject "Muezzin" */;
			compatibilityVersion = "Xcode 14.0";
			developmentRegion = en;
			hasScannedForEncodings = 0;
			knownRegions = (
				en,
				Base,
			);
			mainGroup = 55F8BD2829EDA3F9009D0D4D;
			packageReferences = (
				553385CF2A9B0FEC00B86A65 /* XCRemoteSwiftPackageReference "adhan-swift" */,
			);
			productRefGroup = 55F8BD3229EDA3F9009D0D4D /* Products */;
			projectDirPath = "";
			projectRoot = "";
			targets = (
				55F8BD3029EDA3F9009D0D4D /* Muezzin */,
			);
		};
/* End PBXProject section */

/* Begin PBXResourcesBuildPhase section */
		55F8BD2F29EDA3F9009D0D4D /* Resources */ = {
			isa = PBXResourcesBuildPhase;
			buildActionMask = 2147483647;
			files = (
				5570CF6B2A96EF0800E22FED /* athan4.mp3 in Resources */,
				55F8BD3C29EDA3FA009D0D4D /* Preview Assets.xcassets in Resources */,
				55C172D02A8D493E0022367E /* athan1.mp3 in Resources */,
				55F8BD3929EDA3FA009D0D4D /* Assets.xcassets in Resources */,
				5570CF692A96E47E00E22FED /* athan3.mp3 in Resources */,
				552B734C2A9578AF001216D2 /* dua.mp3 in Resources */,
				552B73492A95751E001216D2 /* athan2.mp3 in Resources */,
				55C172CF2A8D493E0022367E /* athan1_fajr.mp3 in Resources */,
			);
			runOnlyForDeploymentPostprocessing = 0;
		};
/* End PBXResourcesBuildPhase section */

/* Begin PBXSourcesBuildPhase section */
		55F8BD2D29EDA3F9009D0D4D /* Sources */ = {
			isa = PBXSourcesBuildPhase;
			buildActionMask = 2147483647;
			files = (
				553385962A98530A00B86A65 /* ButtonsView.swift in Sources */,
				553385B12A9934FF00B86A65 /* MLocationMap.swift in Sources */,
				553385A22A98FEFD00B86A65 /* PrayerTimesCell.swift in Sources */,
				553385A62A9901FA00B86A65 /* SettingsLocationView.swift in Sources */,
				553385942A98530200B86A65 /* DateView.swift in Sources */,
				5533858D2A98514B00B86A65 /* AboutView.swift in Sources */,
				553385A82A99020100B86A65 /* SettingsPrayerTimesView.swift in Sources */,
				5533858B2A9850CC00B86A65 /* SettingsView.swift in Sources */,
				553385B32A99360300B86A65 /* MTimeZonePicker.swift in Sources */,
				553385AC2A99020C00B86A65 /* SettingsAdvancedView.swift in Sources */,
				553385B52A99378F00B86A65 /* CalculationMethod+Ext.swift in Sources */,
				553385BF2A99666600B86A65 /* MuezzinViewModel.swift in Sources */,
				5533859A2A98531800B86A65 /* NextPrayerView.swift in Sources */,
				553385AA2A99020700B86A65 /* SettingsNotificationsView.swift in Sources */,
				5533859D2A9855A900B86A65 /* MButtonStyle.swift in Sources */,
				553385982A98531000B86A65 /* PrayerTimesView.swift in Sources */,
				553385A02A98562E00B86A65 /* MButton.swift in Sources */,
				55F8BD3529EDA3F9009D0D4D /* MuezzinApp.swift in Sources */,
				553385A42A9901F400B86A65 /* SettingsGeneralView.swift in Sources */,
				553385892A9850A100B86A65 /* MuezzinView.swift in Sources */,
				553385AE2A992DAD00B86A65 /* AppSettings.swift in Sources */,
				553385BD2A99392400B86A65 /* MNotificationPicker.swift in Sources */,
				553385B92A99386300B86A65 /* AudioPlayer.swift in Sources */,
			);
			runOnlyForDeploymentPostprocessing = 0;
		};
/* End PBXSourcesBuildPhase section */

/* Begin XCBuildConfiguration section */
		55F8BD3E29EDA3FA009D0D4D /* Debug */ = {
			isa = XCBuildConfiguration;
			buildSettings = {
				ALWAYS_SEARCH_USER_PATHS = NO;
				ASSETCATALOG_COMPILER_GENERATE_SWIFT_ASSET_SYMBOL_EXTENSIONS = YES;
				CLANG_ANALYZER_NONNULL = YES;
				CLANG_ANALYZER_NUMBER_OBJECT_CONVERSION = YES_AGGRESSIVE;
				CLANG_CXX_LANGUAGE_STANDARD = "gnu++20";
				CLANG_ENABLE_MODULES = YES;
				CLANG_ENABLE_OBJC_ARC = YES;
				CLANG_ENABLE_OBJC_WEAK = YES;
				CLANG_WARN_BLOCK_CAPTURE_AUTORELEASING = YES;
				CLANG_WARN_BOOL_CONVERSION = YES;
				CLANG_WARN_COMMA = YES;
				CLANG_WARN_CONSTANT_CONVERSION = YES;
				CLANG_WARN_DEPRECATED_OBJC_IMPLEMENTATIONS = YES;
				CLANG_WARN_DIRECT_OBJC_ISA_USAGE = YES_ERROR;
				CLANG_WARN_DOCUMENTATION_COMMENTS = YES;
				CLANG_WARN_EMPTY_BODY = YES;
				CLANG_WARN_ENUM_CONVERSION = YES;
				CLANG_WARN_INFINITE_RECURSION = YES;
				CLANG_WARN_INT_CONVERSION = YES;
				CLANG_WARN_NON_LITERAL_NULL_CONVERSION = YES;
				CLANG_WARN_OBJC_IMPLICIT_RETAIN_SELF = YES;
				CLANG_WARN_OBJC_LITERAL_CONVERSION = YES;
				CLANG_WARN_OBJC_ROOT_CLASS = YES_ERROR;
				CLANG_WARN_QUOTED_INCLUDE_IN_FRAMEWORK_HEADER = YES;
				CLANG_WARN_RANGE_LOOP_ANALYSIS = YES;
				CLANG_WARN_STRICT_PROTOTYPES = YES;
				CLANG_WARN_SUSPICIOUS_MOVE = YES;
				CLANG_WARN_UNGUARDED_AVAILABILITY = YES_AGGRESSIVE;
				CLANG_WARN_UNREACHABLE_CODE = YES;
				CLANG_WARN__DUPLICATE_METHOD_MATCH = YES;
				COPY_PHASE_STRIP = NO;
				DEAD_CODE_STRIPPING = YES;
				DEBUG_INFORMATION_FORMAT = dwarf;
				ENABLE_STRICT_OBJC_MSGSEND = YES;
				ENABLE_TESTABILITY = YES;
				ENABLE_USER_SCRIPT_SANDBOXING = YES;
				GCC_C_LANGUAGE_STANDARD = gnu11;
				GCC_DYNAMIC_NO_PIC = NO;
				GCC_NO_COMMON_BLOCKS = YES;
				GCC_OPTIMIZATION_LEVEL = 0;
				GCC_PREPROCESSOR_DEFINITIONS = (
					"DEBUG=1",
					"$(inherited)",
				);
				GCC_WARN_64_TO_32_BIT_CONVERSION = YES;
				GCC_WARN_ABOUT_RETURN_TYPE = YES_ERROR;
				GCC_WARN_UNDECLARED_SELECTOR = YES;
				GCC_WARN_UNINITIALIZED_AUTOS = YES_AGGRESSIVE;
				GCC_WARN_UNUSED_FUNCTION = YES;
				GCC_WARN_UNUSED_VARIABLE = YES;
				MACOSX_DEPLOYMENT_TARGET = 14.0;
				MTL_ENABLE_DEBUG_INFO = INCLUDE_SOURCE;
				MTL_FAST_MATH = YES;
				ONLY_ACTIVE_ARCH = YES;
				SDKROOT = macosx;
				SWIFT_ACTIVE_COMPILATION_CONDITIONS = DEBUG;
				SWIFT_OPTIMIZATION_LEVEL = "-Onone";
			};
			name = Debug;
		};
		55F8BD3F29EDA3FA009D0D4D /* Release */ = {
			isa = XCBuildConfiguration;
			buildSettings = {
				ALWAYS_SEARCH_USER_PATHS = NO;
				ASSETCATALOG_COMPILER_GENERATE_SWIFT_ASSET_SYMBOL_EXTENSIONS = YES;
				CLANG_ANALYZER_NONNULL = YES;
				CLANG_ANALYZER_NUMBER_OBJECT_CONVERSION = YES_AGGRESSIVE;
				CLANG_CXX_LANGUAGE_STANDARD = "gnu++20";
				CLANG_ENABLE_MODULES = YES;
				CLANG_ENABLE_OBJC_ARC = YES;
				CLANG_ENABLE_OBJC_WEAK = YES;
				CLANG_WARN_BLOCK_CAPTURE_AUTORELEASING = YES;
				CLANG_WARN_BOOL_CONVERSION = YES;
				CLANG_WARN_COMMA = YES;
				CLANG_WARN_CONSTANT_CONVERSION = YES;
				CLANG_WARN_DEPRECATED_OBJC_IMPLEMENTATIONS = YES;
				CLANG_WARN_DIRECT_OBJC_ISA_USAGE = YES_ERROR;
				CLANG_WARN_DOCUMENTATION_COMMENTS = YES;
				CLANG_WARN_EMPTY_BODY = YES;
				CLANG_WARN_ENUM_CONVERSION = YES;
				CLANG_WARN_INFINITE_RECURSION = YES;
				CLANG_WARN_INT_CONVERSION = YES;
				CLANG_WARN_NON_LITERAL_NULL_CONVERSION = YES;
				CLANG_WARN_OBJC_IMPLICIT_RETAIN_SELF = YES;
				CLANG_WARN_OBJC_LITERAL_CONVERSION = YES;
				CLANG_WARN_OBJC_ROOT_CLASS = YES_ERROR;
				CLANG_WARN_QUOTED_INCLUDE_IN_FRAMEWORK_HEADER = YES;
				CLANG_WARN_RANGE_LOOP_ANALYSIS = YES;
				CLANG_WARN_STRICT_PROTOTYPES = YES;
				CLANG_WARN_SUSPICIOUS_MOVE = YES;
				CLANG_WARN_UNGUARDED_AVAILABILITY = YES_AGGRESSIVE;
				CLANG_WARN_UNREACHABLE_CODE = YES;
				CLANG_WARN__DUPLICATE_METHOD_MATCH = YES;
				COPY_PHASE_STRIP = NO;
				DEAD_CODE_STRIPPING = YES;
				DEBUG_INFORMATION_FORMAT = "dwarf-with-dsym";
				ENABLE_NS_ASSERTIONS = NO;
				ENABLE_STRICT_OBJC_MSGSEND = YES;
				ENABLE_USER_SCRIPT_SANDBOXING = YES;
				GCC_C_LANGUAGE_STANDARD = gnu11;
				GCC_NO_COMMON_BLOCKS = YES;
				GCC_WARN_64_TO_32_BIT_CONVERSION = YES;
				GCC_WARN_ABOUT_RETURN_TYPE = YES_ERROR;
				GCC_WARN_UNDECLARED_SELECTOR = YES;
				GCC_WARN_UNINITIALIZED_AUTOS = YES_AGGRESSIVE;
				GCC_WARN_UNUSED_FUNCTION = YES;
				GCC_WARN_UNUSED_VARIABLE = YES;
				MACOSX_DEPLOYMENT_TARGET = 14.0;
				MTL_ENABLE_DEBUG_INFO = NO;
				MTL_FAST_MATH = YES;
				SDKROOT = macosx;
				SWIFT_COMPILATION_MODE = wholemodule;
				SWIFT_OPTIMIZATION_LEVEL = "-O";
			};
			name = Release;
		};
		55F8BD4129EDA3FA009D0D4D /* Debug */ = {
			isa = XCBuildConfiguration;
			buildSettings = {
				ASSETCATALOG_COMPILER_APPICON_NAME = AppIcon;
				ASSETCATALOG_COMPILER_GLOBAL_ACCENT_COLOR_NAME = AccentColor;
				CODE_SIGN_ENTITLEMENTS = Muezzin/Muezzin.entitlements;
				"CODE_SIGN_IDENTITY[sdk=macosx*]" = "Apple Development";
				CODE_SIGN_STYLE = Automatic;
				COMBINE_HIDPI_IMAGES = YES;
				CURRENT_PROJECT_VERSION = 1;
				DEAD_CODE_STRIPPING = YES;
				DEVELOPMENT_ASSET_PATHS = "\"Muezzin/Preview Content\"";
				DEVELOPMENT_TEAM = 4UD8YB3K7V;
				ENABLE_PREVIEWS = YES;
				GENERATE_INFOPLIST_FILE = YES;
				INFOPLIST_FILE = Muezzin/Info.plist;
				INFOPLIST_KEY_CFBundleDisplayName = Muezzin;
				INFOPLIST_KEY_LSApplicationCategoryType = "public.app-category.utilities";
				INFOPLIST_KEY_LSUIElement = YES;
				INFOPLIST_KEY_NSHumanReadableCopyright = "";
				INFOPLIST_KEY_NSLocationAlwaysAndWhenInUseUsageDescription = "This app needs your location to get prayer times.";
				INFOPLIST_KEY_NSLocationAlwaysUsageDescription = "This app needs your location to get prayer times.";
				INFOPLIST_KEY_NSLocationWhenInUseUsageDescription = "This app needs your location to get prayer times.";
				LD_RUNPATH_SEARCH_PATHS = (
					"$(inherited)",
					"@executable_path/../Frameworks",
				);
				MACOSX_DEPLOYMENT_TARGET = 14.0;
				MARKETING_VERSION = 1.0;
				PRODUCT_BUNDLE_IDENTIFIER = com.mohalibou.Muezzin;
				PRODUCT_NAME = "$(TARGET_NAME)";
				SWIFT_EMIT_LOC_STRINGS = YES;
				SWIFT_VERSION = 5.0;
			};
			name = Debug;
		};
		55F8BD4229EDA3FA009D0D4D /* Release */ = {
			isa = XCBuildConfiguration;
			buildSettings = {
				ASSETCATALOG_COMPILER_APPICON_NAME = AppIcon;
				ASSETCATALOG_COMPILER_GLOBAL_ACCENT_COLOR_NAME = AccentColor;
				CODE_SIGN_ENTITLEMENTS = Muezzin/Muezzin.entitlements;
				"CODE_SIGN_IDENTITY[sdk=macosx*]" = "Apple Development";
				CODE_SIGN_STYLE = Automatic;
				COMBINE_HIDPI_IMAGES = YES;
				CURRENT_PROJECT_VERSION = 1;
				DEAD_CODE_STRIPPING = YES;
				DEVELOPMENT_ASSET_PATHS = "\"Muezzin/Preview Content\"";
				DEVELOPMENT_TEAM = 4UD8YB3K7V;
				ENABLE_PREVIEWS = YES;
				GENERATE_INFOPLIST_FILE = YES;
				INFOPLIST_FILE = Muezzin/Info.plist;
				INFOPLIST_KEY_CFBundleDisplayName = Muezzin;
				INFOPLIST_KEY_LSApplicationCategoryType = "public.app-category.utilities";
				INFOPLIST_KEY_LSUIElement = YES;
				INFOPLIST_KEY_NSHumanReadableCopyright = "";
				INFOPLIST_KEY_NSLocationAlwaysAndWhenInUseUsageDescription = "This app needs your location to get prayer times.";
				INFOPLIST_KEY_NSLocationAlwaysUsageDescription = "This app needs your location to get prayer times.";
				INFOPLIST_KEY_NSLocationWhenInUseUsageDescription = "This app needs your location to get prayer times.";
				LD_RUNPATH_SEARCH_PATHS = (
					"$(inherited)",
					"@executable_path/../Frameworks",
				);
				MACOSX_DEPLOYMENT_TARGET = 14.0;
				MARKETING_VERSION = 1.0;
				PRODUCT_BUNDLE_IDENTIFIER = com.mohalibou.Muezzin;
				PRODUCT_NAME = "$(TARGET_NAME)";
				SWIFT_EMIT_LOC_STRINGS = YES;
				SWIFT_VERSION = 5.0;
			};
			name = Release;
		};
/* End XCBuildConfiguration section */

/* Begin XCConfigurationList section */
		55F8BD2C29EDA3F9009D0D4D /* Build configuration list for PBXProject "Muezzin" */ = {
			isa = XCConfigurationList;
			buildConfigurations = (
				55F8BD3E29EDA3FA009D0D4D /* Debug */,
				55F8BD3F29EDA3FA009D0D4D /* Release */,
			);
			defaultConfigurationIsVisible = 0;
			defaultConfigurationName = Release;
		};
		55F8BD4029EDA3FA009D0D4D /* Build configuration list for PBXNativeTarget "Muezzin" */ = {
			isa = XCConfigurationList;
			buildConfigurations = (
				55F8BD4129EDA3FA009D0D4D /* Debug */,
				55F8BD4229EDA3FA009D0D4D /* Release */,
			);
			defaultConfigurationIsVisible = 0;
			defaultConfigurationName = Release;
		};
/* End XCConfigurationList section */

/* Begin XCRemoteSwiftPackageReference section */
		553385CF2A9B0FEC00B86A65 /* XCRemoteSwiftPackageReference "adhan-swift" */ = {
			isa = XCRemoteSwiftPackageReference;
			repositoryURL = "https://github.com/batoulapps/adhan-swift";
			requirement = {
				kind = upToNextMajorVersion;
				minimumVersion = 1.4.0;
			};
		};
/* End XCRemoteSwiftPackageReference section */

/* Begin XCSwiftPackageProductDependency section */
		553385D02A9B0FEC00B86A65 /* Adhan */ = {
			isa = XCSwiftPackageProductDependency;
			package = 553385CF2A9B0FEC00B86A65 /* XCRemoteSwiftPackageReference "adhan-swift" */;
			productName = Adhan;
		};
/* End XCSwiftPackageProductDependency section */
	};
	rootObject = 55F8BD2929EDA3F9009D0D4D /* Project object */;
}
